// !$*UTF8*$!
{
	archiveVersion = 1;
	classes = {
	};
	objectVersion = 50;
	objects = {

/* Begin PBXBuildFile section */
		49393C4C265E455300903192 /* PAPAY_SwiftApp.swift in Sources */ = {isa = PBXBuildFile; fileRef = 49393C4B265E455300903192 /* PAPAY_SwiftApp.swift */; };
		49393C4E265E455300903192 /* ContentView.swift in Sources */ = {isa = PBXBuildFile; fileRef = 49393C4D265E455300903192 /* ContentView.swift */; };
		49393C50265E455400903192 /* Assets.xcassets in Resources */ = {isa = PBXBuildFile; fileRef = 49393C4F265E455400903192 /* Assets.xcassets */; };
		49393C53265E455400903192 /* Preview Assets.xcassets in Resources */ = {isa = PBXBuildFile; fileRef = 49393C52265E455400903192 /* Preview Assets.xcassets */; };
		49393C55265E455400903192 /* Persistence.swift in Sources */ = {isa = PBXBuildFile; fileRef = 49393C54265E455400903192 /* Persistence.swift */; };
		49393C58265E455400903192 /* PAPAY_Swift.xcdatamodeld in Sources */ = {isa = PBXBuildFile; fileRef = 49393C56265E455400903192 /* PAPAY_Swift.xcdatamodeld */; };
		49393C63265E455400903192 /* PAPAY_SwiftTests.swift in Sources */ = {isa = PBXBuildFile; fileRef = 49393C62265E455400903192 /* PAPAY_SwiftTests.swift */; };
		49393C6E265E455400903192 /* PAPAY_SwiftUITests.swift in Sources */ = {isa = PBXBuildFile; fileRef = 49393C6D265E455400903192 /* PAPAY_SwiftUITests.swift */; };
/* End PBXBuildFile section */

/* Begin PBXContainerItemProxy section */
		49393C5F265E455400903192 /* PBXContainerItemProxy */ = {
			isa = PBXContainerItemProxy;
			containerPortal = 49393C40265E455300903192 /* Project object */;
			proxyType = 1;
			remoteGlobalIDString = 49393C47265E455300903192;
			remoteInfo = "PAPAY-Swift";
		};
		49393C6A265E455400903192 /* PBXContainerItemProxy */ = {
			isa = PBXContainerItemProxy;
			containerPortal = 49393C40265E455300903192 /* Project object */;
			proxyType = 1;
			remoteGlobalIDString = 49393C47265E455300903192;
			remoteInfo = "PAPAY-Swift";
		};
/* End PBXContainerItemProxy section */

/* Begin PBXFileReference section */
		49393C48265E455300903192 /* PAPAY-Swift.app */ = {isa = PBXFileReference; explicitFileType = wrapper.application; includeInIndex = 0; path = "PAPAY-Swift.app"; sourceTree = BUILT_PRODUCTS_DIR; };
		49393C4B265E455300903192 /* PAPAY_SwiftApp.swift */ = {isa = PBXFileReference; lastKnownFileType = sourcecode.swift; path = PAPAY_SwiftApp.swift; sourceTree = "<group>"; };
		49393C4D265E455300903192 /* ContentView.swift */ = {isa = PBXFileReference; lastKnownFileType = sourcecode.swift; path = ContentView.swift; sourceTree = "<group>"; };
		49393C4F265E455400903192 /* Assets.xcassets */ = {isa = PBXFileReference; lastKnownFileType = folder.assetcatalog; path = Assets.xcassets; sourceTree = "<group>"; };
		49393C52265E455400903192 /* Preview Assets.xcassets */ = {isa = PBXFileReference; lastKnownFileType = folder.assetcatalog; path = "Preview Assets.xcassets"; sourceTree = "<group>"; };
		49393C54265E455400903192 /* Persistence.swift */ = {isa = PBXFileReference; lastKnownFileType = sourcecode.swift; path = Persistence.swift; sourceTree = "<group>"; };
		49393C57265E455400903192 /* PAPAY_Swift.xcdatamodel */ = {isa = PBXFileReference; lastKnownFileType = wrapper.xcdatamodel; path = PAPAY_Swift.xcdatamodel; sourceTree = "<group>"; };
		49393C59265E455400903192 /* Info.plist */ = {isa = PBXFileReference; lastKnownFileType = text.plist.xml; path = Info.plist; sourceTree = "<group>"; };
		49393C5E265E455400903192 /* PAPAY-SwiftTests.xctest */ = {isa = PBXFileReference; explicitFileType = wrapper.cfbundle; includeInIndex = 0; path = "PAPAY-SwiftTests.xctest"; sourceTree = BUILT_PRODUCTS_DIR; };
		49393C62265E455400903192 /* PAPAY_SwiftTests.swift */ = {isa = PBXFileReference; lastKnownFileType = sourcecode.swift; path = PAPAY_SwiftTests.swift; sourceTree = "<group>"; };
		49393C64265E455400903192 /* Info.plist */ = {isa = PBXFileReference; lastKnownFileType = text.plist.xml; path = Info.plist; sourceTree = "<group>"; };
		49393C69265E455400903192 /* PAPAY-SwiftUITests.xctest */ = {isa = PBXFileReference; explicitFileType = wrapper.cfbundle; includeInIndex = 0; path = "PAPAY-SwiftUITests.xctest"; sourceTree = BUILT_PRODUCTS_DIR; };
		49393C6D265E455400903192 /* PAPAY_SwiftUITests.swift */ = {isa = PBXFileReference; lastKnownFileType = sourcecode.swift; path = PAPAY_SwiftUITests.swift; sourceTree = "<group>"; };
		49393C6F265E455400903192 /* Info.plist */ = {isa = PBXFileReference; lastKnownFileType = text.plist.xml; path = Info.plist; sourceTree = "<group>"; };
/* End PBXFileReference section */

/* Begin PBXFrameworksBuildPhase section */
		49393C45265E455300903192 /* Frameworks */ = {
			isa = PBXFrameworksBuildPhase;
			buildActionMask = 2147483647;
			files = (
			);
			runOnlyForDeploymentPostprocessing = 0;
		};
		49393C5B265E455400903192 /* Frameworks */ = {
			isa = PBXFrameworksBuildPhase;
			buildActionMask = 2147483647;
			files = (
			);
			runOnlyForDeploymentPostprocessing = 0;
		};
		49393C66265E455400903192 /* Frameworks */ = {
			isa = PBXFrameworksBuildPhase;
			buildActionMask = 2147483647;
			files = (
			);
			runOnlyForDeploymentPostprocessing = 0;
		};
/* End PBXFrameworksBuildPhase section */

/* Begin PBXGroup section */
		49393C3F265E455300903192 = {
			isa = PBXGroup;
			children = (
				49393C4A265E455300903192 /* PAPAY-Swift */,
				49393C61265E455400903192 /* PAPAY-SwiftTests */,
				49393C6C265E455400903192 /* PAPAY-SwiftUITests */,
				49393C49265E455300903192 /* Products */,
			);
			sourceTree = "<group>";
		};
		49393C49265E455300903192 /* Products */ = {
			isa = PBXGroup;
			children = (
				49393C48265E455300903192 /* PAPAY-Swift.app */,
				49393C5E265E455400903192 /* PAPAY-SwiftTests.xctest */,
				49393C69265E455400903192 /* PAPAY-SwiftUITests.xctest */,
			);
			name = Products;
			sourceTree = "<group>";
		};
		49393C4A265E455300903192 /* PAPAY-Swift */ = {
			isa = PBXGroup;
			children = (
				49393C4B265E455300903192 /* PAPAY_SwiftApp.swift */,
				49393C4D265E455300903192 /* ContentView.swift */,
				49393C4F265E455400903192 /* Assets.xcassets */,
				49393C54265E455400903192 /* Persistence.swift */,
				49393C59265E455400903192 /* Info.plist */,
				49393C56265E455400903192 /* PAPAY_Swift.xcdatamodeld */,
				49393C51265E455400903192 /* Preview Content */,
			);
			path = "PAPAY-Swift";
			sourceTree = "<group>";
		};
		49393C51265E455400903192 /* Preview Content */ = {
			isa = PBXGroup;
			children = (
				49393C52265E455400903192 /* Preview Assets.xcassets */,
			);
			path = "Preview Content";
			sourceTree = "<group>";
		};
		49393C61265E455400903192 /* PAPAY-SwiftTests */ = {
			isa = PBXGroup;
			children = (
				49393C62265E455400903192 /* PAPAY_SwiftTests.swift */,
				49393C64265E455400903192 /* Info.plist */,
			);
			path = "PAPAY-SwiftTests";
			sourceTree = "<group>";
		};
		49393C6C265E455400903192 /* PAPAY-SwiftUITests */ = {
			isa = PBXGroup;
			children = (
				49393C6D265E455400903192 /* PAPAY_SwiftUITests.swift */,
				49393C6F265E455400903192 /* Info.plist */,
			);
			path = "PAPAY-SwiftUITests";
			sourceTree = "<group>";
		};
/* End PBXGroup section */

/* Begin PBXNativeTarget section */
		49393C47265E455300903192 /* PAPAY-Swift */ = {
			isa = PBXNativeTarget;
			buildConfigurationList = 49393C72265E455400903192 /* Build configuration list for PBXNativeTarget "PAPAY-Swift" */;
			buildPhases = (
				49393C44265E455300903192 /* Sources */,
				49393C45265E455300903192 /* Frameworks */,
				49393C46265E455300903192 /* Resources */,
			);
			buildRules = (
			);
			dependencies = (
			);
			name = "PAPAY-Swift";
			productName = "PAPAY-Swift";
			productReference = 49393C48265E455300903192 /* PAPAY-Swift.app */;
			productType = "com.apple.product-type.application";
		};
		49393C5D265E455400903192 /* PAPAY-SwiftTests */ = {
			isa = PBXNativeTarget;
			buildConfigurationList = 49393C75265E455400903192 /* Build configuration list for PBXNativeTarget "PAPAY-SwiftTests" */;
			buildPhases = (
				49393C5A265E455400903192 /* Sources */,
				49393C5B265E455400903192 /* Frameworks */,
				49393C5C265E455400903192 /* Resources */,
			);
			buildRules = (
			);
			dependencies = (
				49393C60265E455400903192 /* PBXTargetDependency */,
			);
			name = "PAPAY-SwiftTests";
			productName = "PAPAY-SwiftTests";
			productReference = 49393C5E265E455400903192 /* PAPAY-SwiftTests.xctest */;
			productType = "com.apple.product-type.bundle.unit-test";
		};
		49393C68265E455400903192 /* PAPAY-SwiftUITests */ = {
			isa = PBXNativeTarget;
			buildConfigurationList = 49393C78265E455400903192 /* Build configuration list for PBXNativeTarget "PAPAY-SwiftUITests" */;
			buildPhases = (
				49393C65265E455400903192 /* Sources */,
				49393C66265E455400903192 /* Frameworks */,
				49393C67265E455400903192 /* Resources */,
			);
			buildRules = (
			);
			dependencies = (
				49393C6B265E455400903192 /* PBXTargetDependency */,
			);
			name = "PAPAY-SwiftUITests";
			productName = "PAPAY-SwiftUITests";
			productReference = 49393C69265E455400903192 /* PAPAY-SwiftUITests.xctest */;
			productType = "com.apple.product-type.bundle.ui-testing";
		};
/* End PBXNativeTarget section */

/* Begin PBXProject section */
		49393C40265E455300903192 /* Project object */ = {
			isa = PBXProject;
			attributes = {
				LastSwiftUpdateCheck = 1250;
				LastUpgradeCheck = 1250;
				TargetAttributes = {
					49393C47265E455300903192 = {
						CreatedOnToolsVersion = 12.5;
					};
					49393C5D265E455400903192 = {
						CreatedOnToolsVersion = 12.5;
						TestTargetID = 49393C47265E455300903192;
					};
					49393C68265E455400903192 = {
						CreatedOnToolsVersion = 12.5;
						TestTargetID = 49393C47265E455300903192;
					};
				};
			};
			buildConfigurationList = 49393C43265E455300903192 /* Build configuration list for PBXProject "PAPAY-Swift" */;
			compatibilityVersion = "Xcode 9.3";
			developmentRegion = en;
			hasScannedForEncodings = 0;
			knownRegions = (
				en,
				Base,
			);
			mainGroup = 49393C3F265E455300903192;
			productRefGroup = 49393C49265E455300903192 /* Products */;
			projectDirPath = "";
			projectRoot = "";
			targets = (
				49393C47265E455300903192 /* PAPAY-Swift */,
				49393C5D265E455400903192 /* PAPAY-SwiftTests */,
				49393C68265E455400903192 /* PAPAY-SwiftUITests */,
			);
		};
/* End PBXProject section */

/* Begin PBXResourcesBuildPhase section */
		49393C46265E455300903192 /* Resources */ = {
			isa = PBXResourcesBuildPhase;
			buildActionMask = 2147483647;
			files = (
				49393C53265E455400903192 /* Preview Assets.xcassets in Resources */,
				49393C50265E455400903192 /* Assets.xcassets in Resources */,
			);
			runOnlyForDeploymentPostprocessing = 0;
		};
		49393C5C265E455400903192 /* Resources */ = {
			isa = PBXResourcesBuildPhase;
			buildActionMask = 2147483647;
			files = (
			);
			runOnlyForDeploymentPostprocessing = 0;
		};
		49393C67265E455400903192 /* Resources */ = {
			isa = PBXResourcesBuildPhase;
			buildActionMask = 2147483647;
			files = (
			);
			runOnlyForDeploymentPostprocessing = 0;
		};
/* End PBXResourcesBuildPhase section */

/* Begin PBXSourcesBuildPhase section */
		49393C44265E455300903192 /* Sources */ = {
			isa = PBXSourcesBuildPhase;
			buildActionMask = 2147483647;
			files = (
				49393C55265E455400903192 /* Persistence.swift in Sources */,
				49393C4E265E455300903192 /* ContentView.swift in Sources */,
				49393C4C265E455300903192 /* PAPAY_SwiftApp.swift in Sources */,
				49393C58265E455400903192 /* PAPAY_Swift.xcdatamodeld in Sources */,
			);
			runOnlyForDeploymentPostprocessing = 0;
		};
		49393C5A265E455400903192 /* Sources */ = {
			isa = PBXSourcesBuildPhase;
			buildActionMask = 2147483647;
			files = (
				49393C63265E455400903192 /* PAPAY_SwiftTests.swift in Sources */,
			);
			runOnlyForDeploymentPostprocessing = 0;
		};
		49393C65265E455400903192 /* Sources */ = {
			isa = PBXSourcesBuildPhase;
			buildActionMask = 2147483647;
			files = (
				49393C6E265E455400903192 /* PAPAY_SwiftUITests.swift in Sources */,
			);
			runOnlyForDeploymentPostprocessing = 0;
		};
/* End PBXSourcesBuildPhase section */

/* Begin PBXTargetDependency section */
		49393C60265E455400903192 /* PBXTargetDependency */ = {
			isa = PBXTargetDependency;
			target = 49393C47265E455300903192 /* PAPAY-Swift */;
			targetProxy = 49393C5F265E455400903192 /* PBXContainerItemProxy */;
		};
		49393C6B265E455400903192 /* PBXTargetDependency */ = {
			isa = PBXTargetDependency;
			target = 49393C47265E455300903192 /* PAPAY-Swift */;
			targetProxy = 49393C6A265E455400903192 /* PBXContainerItemProxy */;
		};
/* End PBXTargetDependency section */

/* Begin XCBuildConfiguration section */
		49393C70265E455400903192 /* Debug */ = {
			isa = XCBuildConfiguration;
			buildSettings = {
				ALWAYS_SEARCH_USER_PATHS = NO;
				CLANG_ANALYZER_NONNULL = YES;
				CLANG_ANALYZER_NUMBER_OBJECT_CONVERSION = YES_AGGRESSIVE;
				CLANG_CXX_LANGUAGE_STANDARD = "gnu++14";
				CLANG_CXX_LIBRARY = "libc++";
				CLANG_ENABLE_MODULES = YES;
				CLANG_ENABLE_OBJC_ARC = YES;
				CLANG_ENABLE_OBJC_WEAK = YES;
				CLANG_WARN_BLOCK_CAPTURE_AUTORELEASING = YES;
				CLANG_WARN_BOOL_CONVERSION = YES;
				CLANG_WARN_COMMA = YES;
				CLANG_WARN_CONSTANT_CONVERSION = YES;
				CLANG_WARN_DEPRECATED_OBJC_IMPLEMENTATIONS = YES;
				CLANG_WARN_DIRECT_OBJC_ISA_USAGE = YES_ERROR;
				CLANG_WARN_DOCUMENTATION_COMMENTS = YES;
				CLANG_WARN_EMPTY_BODY = YES;
				CLANG_WARN_ENUM_CONVERSION = YES;
				CLANG_WARN_INFINITE_RECURSION = YES;
				CLANG_WARN_INT_CONVERSION = YES;
				CLANG_WARN_NON_LITERAL_NULL_CONVERSION = YES;
				CLANG_WARN_OBJC_IMPLICIT_RETAIN_SELF = YES;
				CLANG_WARN_OBJC_LITERAL_CONVERSION = YES;
				CLANG_WARN_OBJC_ROOT_CLASS = YES_ERROR;
				CLANG_WARN_QUOTED_INCLUDE_IN_FRAMEWORK_HEADER = YES;
				CLANG_WARN_RANGE_LOOP_ANALYSIS = YES;
				CLANG_WARN_STRICT_PROTOTYPES = YES;
				CLANG_WARN_SUSPICIOUS_MOVE = YES;
				CLANG_WARN_UNGUARDED_AVAILABILITY = YES_AGGRESSIVE;
				CLANG_WARN_UNREACHABLE_CODE = YES;
				CLANG_WARN__DUPLICATE_METHOD_MATCH = YES;
				COPY_PHASE_STRIP = NO;
				DEBUG_INFORMATION_FORMAT = dwarf;
				ENABLE_STRICT_OBJC_MSGSEND = YES;
				ENABLE_TESTABILITY = YES;
				GCC_C_LANGUAGE_STANDARD = gnu11;
				GCC_DYNAMIC_NO_PIC = NO;
				GCC_NO_COMMON_BLOCKS = YES;
				GCC_OPTIMIZATION_LEVEL = 0;
				GCC_PREPROCESSOR_DEFINITIONS = (
					"DEBUG=1",
					"$(inherited)",
				);
				GCC_WARN_64_TO_32_BIT_CONVERSION = YES;
				GCC_WARN_ABOUT_RETURN_TYPE = YES_ERROR;
				GCC_WARN_UNDECLARED_SELECTOR = YES;
				GCC_WARN_UNINITIALIZED_AUTOS = YES_AGGRESSIVE;
				GCC_WARN_UNUSED_FUNCTION = YES;
				GCC_WARN_UNUSED_VARIABLE = YES;
				IPHONEOS_DEPLOYMENT_TARGET = 14.5;
				MTL_ENABLE_DEBUG_INFO = INCLUDE_SOURCE;
				MTL_FAST_MATH = YES;
				ONLY_ACTIVE_ARCH = YES;
				SDKROOT = iphoneos;
				SWIFT_ACTIVE_COMPILATION_CONDITIONS = DEBUG;
				SWIFT_OPTIMIZATION_LEVEL = "-Onone";
			};
			name = Debug;
		};
		49393C71265E455400903192 /* Release */ = {
			isa = XCBuildConfiguration;
			buildSettings = {
				ALWAYS_SEARCH_USER_PATHS = NO;
				CLANG_ANALYZER_NONNULL = YES;
				CLANG_ANALYZER_NUMBER_OBJECT_CONVERSION = YES_AGGRESSIVE;
				CLANG_CXX_LANGUAGE_STANDARD = "gnu++14";
				CLANG_CXX_LIBRARY = "libc++";
				CLANG_ENABLE_MODULES = YES;
				CLANG_ENABLE_OBJC_ARC = YES;
				CLANG_ENABLE_OBJC_WEAK = YES;
				CLANG_WARN_BLOCK_CAPTURE_AUTORELEASING = YES;
				CLANG_WARN_BOOL_CONVERSION = YES;
				CLANG_WARN_COMMA = YES;
				CLANG_WARN_CONSTANT_CONVERSION = YES;
				CLANG_WARN_DEPRECATED_OBJC_IMPLEMENTATIONS = YES;
				CLANG_WARN_DIRECT_OBJC_ISA_USAGE = YES_ERROR;
				CLANG_WARN_DOCUMENTATION_COMMENTS = YES;
				CLANG_WARN_EMPTY_BODY = YES;
				CLANG_WARN_ENUM_CONVERSION = YES;
				CLANG_WARN_INFINITE_RECURSION = YES;
				CLANG_WARN_INT_CONVERSION = YES;
				CLANG_WARN_NON_LITERAL_NULL_CONVERSION = YES;
				CLANG_WARN_OBJC_IMPLICIT_RETAIN_SELF = YES;
				CLANG_WARN_OBJC_LITERAL_CONVERSION = YES;
				CLANG_WARN_OBJC_ROOT_CLASS = YES_ERROR;
				CLANG_WARN_QUOTED_INCLUDE_IN_FRAMEWORK_HEADER = YES;
				CLANG_WARN_RANGE_LOOP_ANALYSIS = YES;
				CLANG_WARN_STRICT_PROTOTYPES = YES;
				CLANG_WARN_SUSPICIOUS_MOVE = YES;
				CLANG_WARN_UNGUARDED_AVAILABILITY = YES_AGGRESSIVE;
				CLANG_WARN_UNREACHABLE_CODE = YES;
				CLANG_WARN__DUPLICATE_METHOD_MATCH = YES;
				COPY_PHASE_STRIP = NO;
				DEBUG_INFORMATION_FORMAT = "dwarf-with-dsym";
				ENABLE_NS_ASSERTIONS = NO;
				ENABLE_STRICT_OBJC_MSGSEND = YES;
				GCC_C_LANGUAGE_STANDARD = gnu11;
				GCC_NO_COMMON_BLOCKS = YES;
				GCC_WARN_64_TO_32_BIT_CONVERSION = YES;
				GCC_WARN_ABOUT_RETURN_TYPE = YES_ERROR;
				GCC_WARN_UNDECLARED_SELECTOR = YES;
				GCC_WARN_UNINITIALIZED_AUTOS = YES_AGGRESSIVE;
				GCC_WARN_UNUSED_FUNCTION = YES;
				GCC_WARN_UNUSED_VARIABLE = YES;
				IPHONEOS_DEPLOYMENT_TARGET = 14.5;
				MTL_ENABLE_DEBUG_INFO = NO;
				MTL_FAST_MATH = YES;
				SDKROOT = iphoneos;
				SWIFT_COMPILATION_MODE = wholemodule;
				SWIFT_OPTIMIZATION_LEVEL = "-O";
				VALIDATE_PRODUCT = YES;
			};
			name = Release;
		};
		49393C73265E455400903192 /* Debug */ = {
			isa = XCBuildConfiguration;
			buildSettings = {
				ASSETCATALOG_COMPILER_APPICON_NAME = AppIcon;
				ASSETCATALOG_COMPILER_GLOBAL_ACCENT_COLOR_NAME = AccentColor;
				CODE_SIGN_STYLE = Automatic;
				DEVELOPMENT_ASSET_PATHS = "\"PAPAY-Swift/Preview Content\"";
				DEVELOPMENT_TEAM = LQ32KV5FC4;
				ENABLE_PREVIEWS = YES;
				INFOPLIST_FILE = "PAPAY-Swift/Info.plist";
				IPHONEOS_DEPLOYMENT_TARGET = 14.0;
				LD_RUNPATH_SEARCH_PATHS = (
					"$(inherited)",
					"@executable_path/Frameworks",
				);
				PRODUCT_BUNDLE_IDENTIFIER = "com.paymentasia.PAPAY-Swift";
				PRODUCT_NAME = "$(TARGET_NAME)";
				SWIFT_VERSION = 5.0;
				TARGETED_DEVICE_FAMILY = "1,2";
			};
			name = Debug;
		};
		49393C74265E455400903192 /* Release */ = {
			isa = XCBuildConfiguration;
			buildSettings = {
				ASSETCATALOG_COMPILER_APPICON_NAME = AppIcon;
				ASSETCATALOG_COMPILER_GLOBAL_ACCENT_COLOR_NAME = AccentColor;
				CODE_SIGN_STYLE = Automatic;
				DEVELOPMENT_ASSET_PATHS = "\"PAPAY-Swift/Preview Content\"";
				DEVELOPMENT_TEAM = LQ32KV5FC4;
				ENABLE_PREVIEWS = YES;
				INFOPLIST_FILE = "PAPAY-Swift/Info.plist";
				IPHONEOS_DEPLOYMENT_TARGET = 14.0;
				LD_RUNPATH_SEARCH_PATHS = (
					"$(inherited)",
					"@executable_path/Frameworks",
				);
				PRODUCT_BUNDLE_IDENTIFIER = "com.paymentasia.PAPAY-Swift";
				PRODUCT_NAME = "$(TARGET_NAME)";
				SWIFT_VERSION = 5.0;
				TARGETED_DEVICE_FAMILY = "1,2";
			};
			name = Release;
		};
		49393C76265E455400903192 /* Debug */ = {
			isa = XCBuildConfiguration;
			buildSettings = {
				ALWAYS_EMBED_SWIFT_STANDARD_LIBRARIES = YES;
				BUNDLE_LOADER = "$(TEST_HOST)";
				CODE_SIGN_STYLE = Automatic;
				DEVELOPMENT_TEAM = LQ32KV5FC4;
				INFOPLIST_FILE = "PAPAY-SwiftTests/Info.plist";
				IPHONEOS_DEPLOYMENT_TARGET = 14.0;
				LD_RUNPATH_SEARCH_PATHS = (
					"$(inherited)",
					"@executable_path/Frameworks",
					"@loader_path/Frameworks",
				);
				PRODUCT_BUNDLE_IDENTIFIER = "com.paymentasia.PAPAY-SwiftTests";
				PRODUCT_NAME = "$(TARGET_NAME)";
				SWIFT_VERSION = 5.0;
				TARGETED_DEVICE_FAMILY = "1,2";
				TEST_HOST = "$(BUILT_PRODUCTS_DIR)/PAPAY-Swift.app/PAPAY-Swift";
			};
			name = Debug;
		};
		49393C77265E455400903192 /* Release */ = {
			isa = XCBuildConfiguration;
			buildSettings = {
				ALWAYS_EMBED_SWIFT_STANDARD_LIBRARIES = YES;
				BUNDLE_LOADER = "$(TEST_HOST)";
				CODE_SIGN_STYLE = Automatic;
				DEVELOPMENT_TEAM = LQ32KV5FC4;
				INFOPLIST_FILE = "PAPAY-SwiftTests/Info.plist";
				IPHONEOS_DEPLOYMENT_TARGET = 14.0;
				LD_RUNPATH_SEARCH_PATHS = (
					"$(inherited)",
					"@executable_path/Frameworks",
					"@loader_path/Frameworks",
				);
				PRODUCT_BUNDLE_IDENTIFIER = "com.paymentasia.PAPAY-SwiftTests";
				PRODUCT_NAME = "$(TARGET_NAME)";
				SWIFT_VERSION = 5.0;
				TARGETED_DEVICE_FAMILY = "1,2";
				TEST_HOST = "$(BUILT_PRODUCTS_DIR)/PAPAY-Swift.app/PAPAY-Swift";
			};
			name = Release;
		};
		49393C79265E455400903192 /* Debug */ = {
			isa = XCBuildConfiguration;
			buildSettings = {
				ALWAYS_EMBED_SWIFT_STANDARD_LIBRARIES = YES;
				CODE_SIGN_STYLE = Automatic;
				DEVELOPMENT_TEAM = LQ32KV5FC4;
				INFOPLIST_FILE = "PAPAY-SwiftUITests/Info.plist";
				LD_RUNPATH_SEARCH_PATHS = (
					"$(inherited)",
					"@executable_path/Frameworks",
					"@loader_path/Frameworks",
				);
				PRODUCT_BUNDLE_IDENTIFIER = "com.paymentasia.PAPAY-SwiftUITests";
				PRODUCT_NAME = "$(TARGET_NAME)";
				SWIFT_VERSION = 5.0;
				TARGETED_DEVICE_FAMILY = "1,2";
				TEST_TARGET_NAME = "PAPAY-Swift";
			};
			name = Debug;
		};
		49393C7A265E455400903192 /* Release */ = {
			isa = XCBuildConfiguration;
			buildSettings = {
				ALWAYS_EMBED_SWIFT_STANDARD_LIBRARIES = YES;
				CODE_SIGN_STYLE = Automatic;
				DEVELOPMENT_TEAM = LQ32KV5FC4;
				INFOPLIST_FILE = "PAPAY-SwiftUITests/Info.plist";
				LD_RUNPATH_SEARCH_PATHS = (
					"$(inherited)",
					"@executable_path/Frameworks",
					"@loader_path/Frameworks",
				);
				PRODUCT_BUNDLE_IDENTIFIER = "com.paymentasia.PAPAY-SwiftUITests";
				PRODUCT_NAME = "$(TARGET_NAME)";
				SWIFT_VERSION = 5.0;
				TARGETED_DEVICE_FAMILY = "1,2";
				TEST_TARGET_NAME = "PAPAY-Swift";
			};
			name = Release;
		};
/* End XCBuildConfiguration section */

/* Begin XCConfigurationList section */
		49393C43265E455300903192 /* Build configuration list for PBXProject "PAPAY-Swift" */ = {
			isa = XCConfigurationList;
			buildConfigurations = (
				49393C70265E455400903192 /* Debug */,
				49393C71265E455400903192 /* Release */,
			);
			defaultConfigurationIsVisible = 0;
			defaultConfigurationName = Release;
		};
		49393C72265E455400903192 /* Build configuration list for PBXNativeTarget "PAPAY-Swift" */ = {
			isa = XCConfigurationList;
			buildConfigurations = (
				49393C73265E455400903192 /* Debug */,
				49393C74265E455400903192 /* Release */,
			);
			defaultConfigurationIsVisible = 0;
			defaultConfigurationName = Release;
		};
		49393C75265E455400903192 /* Build configuration list for PBXNativeTarget "PAPAY-SwiftTests" */ = {
			isa = XCConfigurationList;
			buildConfigurations = (
				49393C76265E455400903192 /* Debug */,
				49393C77265E455400903192 /* Release */,
			);
			defaultConfigurationIsVisible = 0;
			defaultConfigurationName = Release;
		};
		49393C78265E455400903192 /* Build configuration list for PBXNativeTarget "PAPAY-SwiftUITests" */ = {
			isa = XCConfigurationList;
			buildConfigurations = (
				49393C79265E455400903192 /* Debug */,
				49393C7A265E455400903192 /* Release */,
			);
			defaultConfigurationIsVisible = 0;
			defaultConfigurationName = Release;
		};
/* End XCConfigurationList section */

/* Begin XCVersionGroup section */
		49393C56265E455400903192 /* PAPAY_Swift.xcdatamodeld */ = {
			isa = XCVersionGroup;
			children = (
				49393C57265E455400903192 /* PAPAY_Swift.xcdatamodel */,
			);
			currentVersion = 49393C57265E455400903192 /* PAPAY_Swift.xcdatamodel */;
			path = PAPAY_Swift.xcdatamodeld;
			sourceTree = "<group>";
			versionGroupType = wrapper.xcdatamodel;
		};
/* End XCVersionGroup section */
	};
	rootObject = 49393C40265E455300903192 /* Project object */;
}
